// !$*UTF8*$!
{
	archiveVersion = 1;
	classes = {
	};
	objectVersion = 46;
	objects = {

/* Begin PBXBuildFile section */
		1D2071451D4D514800C07751 /* main.m in Sources */ = {isa = PBXBuildFile; fileRef = 1D2071441D4D514800C07751 /* main.m */; };
		1D2071481D4D514800C07751 /* AppDelegate.m in Sources */ = {isa = PBXBuildFile; fileRef = 1D2071471D4D514800C07751 /* AppDelegate.m */; };
		1D20714B1D4D514800C07751 /* ViewController.m in Sources */ = {isa = PBXBuildFile; fileRef = 1D20714A1D4D514800C07751 /* ViewController.m */; };
		1D20714E1D4D514800C07751 /* Main.storyboard in Resources */ = {isa = PBXBuildFile; fileRef = 1D20714C1D4D514800C07751 /* Main.storyboard */; };
		1D2071511D4D514800C07751 /* AgendaDeContatos.xcdatamodeld in Sources */ = {isa = PBXBuildFile; fileRef = 1D20714F1D4D514800C07751 /* AgendaDeContatos.xcdatamodeld */; };
		1D2071531D4D514800C07751 /* Assets.xcassets in Resources */ = {isa = PBXBuildFile; fileRef = 1D2071521D4D514800C07751 /* Assets.xcassets */; };
		1D2071561D4D514800C07751 /* LaunchScreen.storyboard in Resources */ = {isa = PBXBuildFile; fileRef = 1D2071541D4D514800C07751 /* LaunchScreen.storyboard */; };
		1D2071611D4D514800C07751 /* AgendaDeContatosTests.m in Sources */ = {isa = PBXBuildFile; fileRef = 1D2071601D4D514800C07751 /* AgendaDeContatosTests.m */; };
		1D20716C1D4D514800C07751 /* AgendaDeContatosUITests.m in Sources */ = {isa = PBXBuildFile; fileRef = 1D20716B1D4D514800C07751 /* AgendaDeContatosUITests.m */; };
		1D20717B1D4D66D800C07751 /* Contato.m in Sources */ = {isa = PBXBuildFile; fileRef = 1D20717A1D4D66D800C07751 /* Contato.m */; };
		1DC212AC1D4D703800AC7958 /* ListaContatosViewController.m in Sources */ = {isa = PBXBuildFile; fileRef = 1DC212AB1D4D703800AC7958 /* ListaContatosViewController.m */; };
/* End PBXBuildFile section */

/* Begin PBXContainerItemProxy section */
		1D20715D1D4D514800C07751 /* PBXContainerItemProxy */ = {
			isa = PBXContainerItemProxy;
			containerPortal = 1D2071381D4D514700C07751 /* Project object */;
			proxyType = 1;
			remoteGlobalIDString = 1D20713F1D4D514800C07751;
			remoteInfo = AgendaDeContatos;
		};
		1D2071681D4D514800C07751 /* PBXContainerItemProxy */ = {
			isa = PBXContainerItemProxy;
			containerPortal = 1D2071381D4D514700C07751 /* Project object */;
			proxyType = 1;
			remoteGlobalIDString = 1D20713F1D4D514800C07751;
			remoteInfo = AgendaDeContatos;
		};
/* End PBXContainerItemProxy section */

/* Begin PBXFileReference section */
		1D2071401D4D514800C07751 /* AgendaDeContatos.app */ = {isa = PBXFileReference; explicitFileType = wrapper.application; includeInIndex = 0; path = AgendaDeContatos.app; sourceTree = BUILT_PRODUCTS_DIR; };
		1D2071441D4D514800C07751 /* main.m */ = {isa = PBXFileReference; lastKnownFileType = sourcecode.c.objc; path = main.m; sourceTree = "<group>"; };
		1D2071461D4D514800C07751 /* AppDelegate.h */ = {isa = PBXFileReference; lastKnownFileType = sourcecode.c.h; path = AppDelegate.h; sourceTree = "<group>"; };
		1D2071471D4D514800C07751 /* AppDelegate.m */ = {isa = PBXFileReference; lastKnownFileType = sourcecode.c.objc; path = AppDelegate.m; sourceTree = "<group>"; };
		1D2071491D4D514800C07751 /* ViewController.h */ = {isa = PBXFileReference; lastKnownFileType = sourcecode.c.h; path = ViewController.h; sourceTree = "<group>"; };
		1D20714A1D4D514800C07751 /* ViewController.m */ = {isa = PBXFileReference; lastKnownFileType = sourcecode.c.objc; path = ViewController.m; sourceTree = "<group>"; };
		1D20714D1D4D514800C07751 /* Base */ = {isa = PBXFileReference; lastKnownFileType = file.storyboard; name = Base; path = Base.lproj/Main.storyboard; sourceTree = "<group>"; };
		1D2071501D4D514800C07751 /* AgendaDeContatos.xcdatamodel */ = {isa = PBXFileReference; lastKnownFileType = wrapper.xcdatamodel; path = AgendaDeContatos.xcdatamodel; sourceTree = "<group>"; };
		1D2071521D4D514800C07751 /* Assets.xcassets */ = {isa = PBXFileReference; lastKnownFileType = folder.assetcatalog; path = Assets.xcassets; sourceTree = "<group>"; };
		1D2071551D4D514800C07751 /* Base */ = {isa = PBXFileReference; lastKnownFileType = file.storyboard; name = Base; path = Base.lproj/LaunchScreen.storyboard; sourceTree = "<group>"; };
		1D2071571D4D514800C07751 /* Info.plist */ = {isa = PBXFileReference; lastKnownFileType = text.plist.xml; path = Info.plist; sourceTree = "<group>"; };
		1D20715C1D4D514800C07751 /* AgendaDeContatosTests.xctest */ = {isa = PBXFileReference; explicitFileType = wrapper.cfbundle; includeInIndex = 0; path = AgendaDeContatosTests.xctest; sourceTree = BUILT_PRODUCTS_DIR; };
		1D2071601D4D514800C07751 /* AgendaDeContatosTests.m */ = {isa = PBXFileReference; lastKnownFileType = sourcecode.c.objc; path = AgendaDeContatosTests.m; sourceTree = "<group>"; };
		1D2071621D4D514800C07751 /* Info.plist */ = {isa = PBXFileReference; lastKnownFileType = text.plist.xml; path = Info.plist; sourceTree = "<group>"; };
		1D2071671D4D514800C07751 /* AgendaDeContatosUITests.xctest */ = {isa = PBXFileReference; explicitFileType = wrapper.cfbundle; includeInIndex = 0; path = AgendaDeContatosUITests.xctest; sourceTree = BUILT_PRODUCTS_DIR; };
		1D20716B1D4D514800C07751 /* AgendaDeContatosUITests.m */ = {isa = PBXFileReference; lastKnownFileType = sourcecode.c.objc; path = AgendaDeContatosUITests.m; sourceTree = "<group>"; };
		1D20716D1D4D514800C07751 /* Info.plist */ = {isa = PBXFileReference; lastKnownFileType = text.plist.xml; path = Info.plist; sourceTree = "<group>"; };
		1D2071791D4D66D800C07751 /* Contato.h */ = {isa = PBXFileReference; fileEncoding = 4; lastKnownFileType = sourcecode.c.h; path = Contato.h; sourceTree = "<group>"; };
		1D20717A1D4D66D800C07751 /* Contato.m */ = {isa = PBXFileReference; fileEncoding = 4; lastKnownFileType = sourcecode.c.objc; path = Contato.m; sourceTree = "<group>"; };
		1DC212AA1D4D703700AC7958 /* ListaContatosViewController.h */ = {isa = PBXFileReference; fileEncoding = 4; lastKnownFileType = sourcecode.c.h; path = ListaContatosViewController.h; sourceTree = "<group>"; };
		1DC212AB1D4D703800AC7958 /* ListaContatosViewController.m */ = {isa = PBXFileReference; fileEncoding = 4; lastKnownFileType = sourcecode.c.objc; path = ListaContatosViewController.m; sourceTree = "<group>"; };
/* End PBXFileReference section */

/* Begin PBXFrameworksBuildPhase section */
		1D20713D1D4D514800C07751 /* Frameworks */ = {
			isa = PBXFrameworksBuildPhase;
			buildActionMask = 2147483647;
			files = (
			);
			runOnlyForDeploymentPostprocessing = 0;
		};
		1D2071591D4D514800C07751 /* Frameworks */ = {
			isa = PBXFrameworksBuildPhase;
			buildActionMask = 2147483647;
			files = (
			);
			runOnlyForDeploymentPostprocessing = 0;
		};
		1D2071641D4D514800C07751 /* Frameworks */ = {
			isa = PBXFrameworksBuildPhase;
			buildActionMask = 2147483647;
			files = (
			);
			runOnlyForDeploymentPostprocessing = 0;
		};
/* End PBXFrameworksBuildPhase section */

/* Begin PBXGroup section */
		1D2071371D4D514700C07751 = {
			isa = PBXGroup;
			children = (
				1D2071421D4D514800C07751 /* AgendaDeContatos */,
				1D20715F1D4D514800C07751 /* AgendaDeContatosTests */,
				1D20716A1D4D514800C07751 /* AgendaDeContatosUITests */,
				1D2071411D4D514800C07751 /* Products */,
			);
			sourceTree = "<group>";
		};
		1D2071411D4D514800C07751 /* Products */ = {
			isa = PBXGroup;
			children = (
				1D2071401D4D514800C07751 /* AgendaDeContatos.app */,
				1D20715C1D4D514800C07751 /* AgendaDeContatosTests.xctest */,
				1D2071671D4D514800C07751 /* AgendaDeContatosUITests.xctest */,
			);
			name = Products;
			sourceTree = "<group>";
		};
		1D2071421D4D514800C07751 /* AgendaDeContatos */ = {
			isa = PBXGroup;
			children = (
				1D2071461D4D514800C07751 /* AppDelegate.h */,
				1D2071471D4D514800C07751 /* AppDelegate.m */,
				1D2071491D4D514800C07751 /* ViewController.h */,
				1D20714A1D4D514800C07751 /* ViewController.m */,
				1DC212AA1D4D703700AC7958 /* ListaContatosViewController.h */,
				1DC212AB1D4D703800AC7958 /* ListaContatosViewController.m */,
				1D2071791D4D66D800C07751 /* Contato.h */,
				1D20717A1D4D66D800C07751 /* Contato.m */,
				1D20714C1D4D514800C07751 /* Main.storyboard */,
				1D2071521D4D514800C07751 /* Assets.xcassets */,
				1D2071541D4D514800C07751 /* LaunchScreen.storyboard */,
				1D2071571D4D514800C07751 /* Info.plist */,
				1D20714F1D4D514800C07751 /* AgendaDeContatos.xcdatamodeld */,
				1D2071431D4D514800C07751 /* Supporting Files */,
			);
			path = AgendaDeContatos;
			sourceTree = "<group>";
		};
		1D2071431D4D514800C07751 /* Supporting Files */ = {
			isa = PBXGroup;
			children = (
				1D2071441D4D514800C07751 /* main.m */,
			);
			name = "Supporting Files";
			sourceTree = "<group>";
		};
		1D20715F1D4D514800C07751 /* AgendaDeContatosTests */ = {
			isa = PBXGroup;
			children = (
				1D2071601D4D514800C07751 /* AgendaDeContatosTests.m */,
				1D2071621D4D514800C07751 /* Info.plist */,
			);
			path = AgendaDeContatosTests;
			sourceTree = "<group>";
		};
		1D20716A1D4D514800C07751 /* AgendaDeContatosUITests */ = {
			isa = PBXGroup;
			children = (
				1D20716B1D4D514800C07751 /* AgendaDeContatosUITests.m */,
				1D20716D1D4D514800C07751 /* Info.plist */,
			);
			path = AgendaDeContatosUITests;
			sourceTree = "<group>";
		};
/* End PBXGroup section */

/* Begin PBXNativeTarget section */
		1D20713F1D4D514800C07751 /* AgendaDeContatos */ = {
			isa = PBXNativeTarget;
			buildConfigurationList = 1D2071701D4D514800C07751 /* Build configuration list for PBXNativeTarget "AgendaDeContatos" */;
			buildPhases = (
				1D20713C1D4D514800C07751 /* Sources */,
				1D20713D1D4D514800C07751 /* Frameworks */,
				1D20713E1D4D514800C07751 /* Resources */,
			);
			buildRules = (
			);
			dependencies = (
			);
			name = AgendaDeContatos;
			productName = AgendaDeContatos;
			productReference = 1D2071401D4D514800C07751 /* AgendaDeContatos.app */;
			productType = "com.apple.product-type.application";
		};
		1D20715B1D4D514800C07751 /* AgendaDeContatosTests */ = {
			isa = PBXNativeTarget;
			buildConfigurationList = 1D2071731D4D514800C07751 /* Build configuration list for PBXNativeTarget "AgendaDeContatosTests" */;
			buildPhases = (
				1D2071581D4D514800C07751 /* Sources */,
				1D2071591D4D514800C07751 /* Frameworks */,
				1D20715A1D4D514800C07751 /* Resources */,
			);
			buildRules = (
			);
			dependencies = (
				1D20715E1D4D514800C07751 /* PBXTargetDependency */,
			);
			name = AgendaDeContatosTests;
			productName = AgendaDeContatosTests;
			productReference = 1D20715C1D4D514800C07751 /* AgendaDeContatosTests.xctest */;
			productType = "com.apple.product-type.bundle.unit-test";
		};
		1D2071661D4D514800C07751 /* AgendaDeContatosUITests */ = {
			isa = PBXNativeTarget;
			buildConfigurationList = 1D2071761D4D514800C07751 /* Build configuration list for PBXNativeTarget "AgendaDeContatosUITests" */;
			buildPhases = (
				1D2071631D4D514800C07751 /* Sources */,
				1D2071641D4D514800C07751 /* Frameworks */,
				1D2071651D4D514800C07751 /* Resources */,
			);
			buildRules = (
			);
			dependencies = (
				1D2071691D4D514800C07751 /* PBXTargetDependency */,
			);
			name = AgendaDeContatosUITests;
			productName = AgendaDeContatosUITests;
			productReference = 1D2071671D4D514800C07751 /* AgendaDeContatosUITests.xctest */;
			productType = "com.apple.product-type.bundle.ui-testing";
		};
/* End PBXNativeTarget section */

/* Begin PBXProject section */
		1D2071381D4D514700C07751 /* Project object */ = {
			isa = PBXProject;
			attributes = {
				LastUpgradeCheck = 0730;
				ORGANIZATIONNAME = Slackfx;
				TargetAttributes = {
					1D20713F1D4D514800C07751 = {
						CreatedOnToolsVersion = 7.3.1;
						DevelopmentTeam = 745LB7G4WM;
					};
					1D20715B1D4D514800C07751 = {
						CreatedOnToolsVersion = 7.3.1;
						TestTargetID = 1D20713F1D4D514800C07751;
					};
					1D2071661D4D514800C07751 = {
						CreatedOnToolsVersion = 7.3.1;
						TestTargetID = 1D20713F1D4D514800C07751;
					};
				};
			};
			buildConfigurationList = 1D20713B1D4D514700C07751 /* Build configuration list for PBXProject "AgendaDeContatos" */;
			compatibilityVersion = "Xcode 3.2";
			developmentRegion = English;
			hasScannedForEncodings = 0;
			knownRegions = (
				en,
				Base,
			);
			mainGroup = 1D2071371D4D514700C07751;
			productRefGroup = 1D2071411D4D514800C07751 /* Products */;
			projectDirPath = "";
			projectRoot = "";
			targets = (
				1D20713F1D4D514800C07751 /* AgendaDeContatos */,
				1D20715B1D4D514800C07751 /* AgendaDeContatosTests */,
				1D2071661D4D514800C07751 /* AgendaDeContatosUITests */,
			);
		};
/* End PBXProject section */

/* Begin PBXResourcesBuildPhase section */
		1D20713E1D4D514800C07751 /* Resources */ = {
			isa = PBXResourcesBuildPhase;
			buildActionMask = 2147483647;
			files = (
				1D2071561D4D514800C07751 /* LaunchScreen.storyboard in Resources */,
				1D2071531D4D514800C07751 /* Assets.xcassets in Resources */,
				1D20714E1D4D514800C07751 /* Main.storyboard in Resources */,
			);
			runOnlyForDeploymentPostprocessing = 0;
		};
		1D20715A1D4D514800C07751 /* Resources */ = {
			isa = PBXResourcesBuildPhase;
			buildActionMask = 2147483647;
			files = (
			);
			runOnlyForDeploymentPostprocessing = 0;
		};
		1D2071651D4D514800C07751 /* Resources */ = {
			isa = PBXResourcesBuildPhase;
			buildActionMask = 2147483647;
			files = (
			);
			runOnlyForDeploymentPostprocessing = 0;
		};
/* End PBXResourcesBuildPhase section */

/* Begin PBXSourcesBuildPhase section */
		1D20713C1D4D514800C07751 /* Sources */ = {
			isa = PBXSourcesBuildPhase;
			buildActionMask = 2147483647;
			files = (
				1D20717B1D4D66D800C07751 /* Contato.m in Sources */,
				1DC212AC1D4D703800AC7958 /* ListaContatosViewController.m in Sources */,
				1D20714B1D4D514800C07751 /* ViewController.m in Sources */,
				1D2071511D4D514800C07751 /* AgendaDeContatos.xcdatamodeld in Sources */,
				1D2071481D4D514800C07751 /* AppDelegate.m in Sources */,
				1D2071451D4D514800C07751 /* main.m in Sources */,
			);
			runOnlyForDeploymentPostprocessing = 0;
		};
		1D2071581D4D514800C07751 /* Sources */ = {
			isa = PBXSourcesBuildPhase;
			buildActionMask = 2147483647;
			files = (
				1D2071611D4D514800C07751 /* AgendaDeContatosTests.m in Sources */,
			);
			runOnlyForDeploymentPostprocessing = 0;
		};
		1D2071631D4D514800C07751 /* Sources */ = {
			isa = PBXSourcesBuildPhase;
			buildActionMask = 2147483647;
			files = (
				1D20716C1D4D514800C07751 /* AgendaDeContatosUITests.m in Sources */,
			);
			runOnlyForDeploymentPostprocessing = 0;
		};
/* End PBXSourcesBuildPhase section */

/* Begin PBXTargetDependency section */
		1D20715E1D4D514800C07751 /* PBXTargetDependency */ = {
			isa = PBXTargetDependency;
			target = 1D20713F1D4D514800C07751 /* AgendaDeContatos */;
			targetProxy = 1D20715D1D4D514800C07751 /* PBXContainerItemProxy */;
		};
		1D2071691D4D514800C07751 /* PBXTargetDependency */ = {
			isa = PBXTargetDependency;
			target = 1D20713F1D4D514800C07751 /* AgendaDeContatos */;
			targetProxy = 1D2071681D4D514800C07751 /* PBXContainerItemProxy */;
		};
/* End PBXTargetDependency section */

/* Begin PBXVariantGroup section */
		1D20714C1D4D514800C07751 /* Main.storyboard */ = {
			isa = PBXVariantGroup;
			children = (
				1D20714D1D4D514800C07751 /* Base */,
			);
			name = Main.storyboard;
			sourceTree = "<group>";
		};
		1D2071541D4D514800C07751 /* LaunchScreen.storyboard */ = {
			isa = PBXVariantGroup;
			children = (
				1D2071551D4D514800C07751 /* Base */,
			);
			name = LaunchScreen.storyboard;
			sourceTree = "<group>";
		};
/* End PBXVariantGroup section */

/* Begin XCBuildConfiguration section */
		1D20716E1D4D514800C07751 /* Debug */ = {
			isa = XCBuildConfiguration;
			buildSettings = {
				ALWAYS_SEARCH_USER_PATHS = NO;
				CLANG_ANALYZER_NONNULL = YES;
				CLANG_CXX_LANGUAGE_STANDARD = "gnu++0x";
				CLANG_CXX_LIBRARY = "libc++";
				CLANG_ENABLE_MODULES = YES;
				CLANG_ENABLE_OBJC_ARC = YES;
				CLANG_WARN_BOOL_CONVERSION = YES;
				CLANG_WARN_CONSTANT_CONVERSION = YES;
				CLANG_WARN_DIRECT_OBJC_ISA_USAGE = YES_ERROR;
				CLANG_WARN_EMPTY_BODY = YES;
				CLANG_WARN_ENUM_CONVERSION = YES;
				CLANG_WARN_INT_CONVERSION = YES;
				CLANG_WARN_OBJC_ROOT_CLASS = YES_ERROR;
				CLANG_WARN_UNREACHABLE_CODE = YES;
				CLANG_WARN__DUPLICATE_METHOD_MATCH = YES;
				"CODE_SIGN_IDENTITY[sdk=iphoneos*]" = "iPhone Developer";
				COPY_PHASE_STRIP = NO;
				DEBUG_INFORMATION_FORMAT = dwarf;
				ENABLE_STRICT_OBJC_MSGSEND = YES;
				ENABLE_TESTABILITY = YES;
				GCC_C_LANGUAGE_STANDARD = gnu99;
				GCC_DYNAMIC_NO_PIC = NO;
				GCC_NO_COMMON_BLOCKS = YES;
				GCC_OPTIMIZATION_LEVEL = 0;
				GCC_PREPROCESSOR_DEFINITIONS = (
					"DEBUG=1",
					"$(inherited)",
				);
				GCC_WARN_64_TO_32_BIT_CONVERSION = YES;
				GCC_WARN_ABOUT_RETURN_TYPE = YES_ERROR;
				GCC_WARN_UNDECLARED_SELECTOR = YES;
				GCC_WARN_UNINITIALIZED_AUTOS = YES_AGGRESSIVE;
				GCC_WARN_UNUSED_FUNCTION = YES;
				GCC_WARN_UNUSED_VARIABLE = YES;
				IPHONEOS_DEPLOYMENT_TARGET = 9.3;
				MTL_ENABLE_DEBUG_INFO = YES;
				ONLY_ACTIVE_ARCH = YES;
				SDKROOT = iphoneos;
			};
			name = Debug;
		};
		1D20716F1D4D514800C07751 /* Release */ = {
			isa = XCBuildConfiguration;
			buildSettings = {
				ALWAYS_SEARCH_USER_PATHS = NO;
				CLANG_ANALYZER_NONNULL = YES;
				CLANG_CXX_LANGUAGE_STANDARD = "gnu++0x";
				CLANG_CXX_LIBRARY = "libc++";
				CLANG_ENABLE_MODULES = YES;
				CLANG_ENABLE_OBJC_ARC = YES;
				CLANG_WARN_BOOL_CONVERSION = YES;
				CLANG_WARN_CONSTANT_CONVERSION = YES;
				CLANG_WARN_DIRECT_OBJC_ISA_USAGE = YES_ERROR;
				CLANG_WARN_EMPTY_BODY = YES;
				CLANG_WARN_ENUM_CONVERSION = YES;
				CLANG_WARN_INT_CONVERSION = YES;
				CLANG_WARN_OBJC_ROOT_CLASS = YES_ERROR;
				CLANG_WARN_UNREACHABLE_CODE = YES;
				CLANG_WARN__DUPLICATE_METHOD_MATCH = YES;
				"CODE_SIGN_IDENTITY[sdk=iphoneos*]" = "iPhone Developer";
				COPY_PHASE_STRIP = NO;
				DEBUG_INFORMATION_FORMAT = "dwarf-with-dsym";
				ENABLE_NS_ASSERTIONS = NO;
				ENABLE_STRICT_OBJC_MSGSEND = YES;
				GCC_C_LANGUAGE_STANDARD = gnu99;
				GCC_NO_COMMON_BLOCKS = YES;
				GCC_WARN_64_TO_32_BIT_CONVERSION = YES;
				GCC_WARN_ABOUT_RETURN_TYPE = YES_ERROR;
				GCC_WARN_UNDECLARED_SELECTOR = YES;
				GCC_WARN_UNINITIALIZED_AUTOS = YES_AGGRESSIVE;
				GCC_WARN_UNUSED_FUNCTION = YES;
				GCC_WARN_UNUSED_VARIABLE = YES;
				IPHONEOS_DEPLOYMENT_TARGET = 9.3;
				MTL_ENABLE_DEBUG_INFO = NO;
				SDKROOT = iphoneos;
				VALIDATE_PRODUCT = YES;
			};
			name = Release;
		};
		1D2071711D4D514800C07751 /* Debug */ = {
			isa = XCBuildConfiguration;
			buildSettings = {
				ASSETCATALOG_COMPILER_APPICON_NAME = AppIcon;
				CODE_SIGN_IDENTITY = "iPhone Developer";
				"CODE_SIGN_IDENTITY[sdk=iphoneos*]" = "iPhone Developer";
				INFOPLIST_FILE = AgendaDeContatos/Info.plist;
				LD_RUNPATH_SEARCH_PATHS = "$(inherited) @executable_path/Frameworks";
				PRODUCT_BUNDLE_IDENTIFIER = br.com.slackfx.AgendaDeContatos;
				PRODUCT_NAME = "$(TARGET_NAME)";
				PROVISIONING_PROFILE = "";
				TARGETED_DEVICE_FAMILY = "1,2";
			};
			name = Debug;
		};
		1D2071721D4D514800C07751 /* Release */ = {
			isa = XCBuildConfiguration;
			buildSettings = {
				ASSETCATALOG_COMPILER_APPICON_NAME = AppIcon;
				CODE_SIGN_IDENTITY = "iPhone Developer";
				"CODE_SIGN_IDENTITY[sdk=iphoneos*]" = "iPhone Developer";
				INFOPLIST_FILE = AgendaDeContatos/Info.plist;
				LD_RUNPATH_SEARCH_PATHS = "$(inherited) @executable_path/Frameworks";
				PRODUCT_BUNDLE_IDENTIFIER = br.com.slackfx.AgendaDeContatos;
				PRODUCT_NAME = "$(TARGET_NAME)";
				PROVISIONING_PROFILE = "";
				TARGETED_DEVICE_FAMILY = "1,2";
			};
			name = Release;
		};
		1D2071741D4D514800C07751 /* Debug */ = {
			isa = XCBuildConfiguration;
			buildSettings = {
				BUNDLE_LOADER = "$(TEST_HOST)";
				INFOPLIST_FILE = AgendaDeContatosTests/Info.plist;
				LD_RUNPATH_SEARCH_PATHS = "$(inherited) @executable_path/Frameworks @loader_path/Frameworks";
				PRODUCT_BUNDLE_IDENTIFIER = br.com.slackfx.AgendaDeContatosTests;
				PRODUCT_NAME = "$(TARGET_NAME)";
				TEST_HOST = "$(BUILT_PRODUCTS_DIR)/AgendaDeContatos.app/AgendaDeContatos";
			};
			name = Debug;
		};
		1D2071751D4D514800C07751 /* Release */ = {
			isa = XCBuildConfiguration;
			buildSettings = {
				BUNDLE_LOADER = "$(TEST_HOST)";
				INFOPLIST_FILE = AgendaDeContatosTests/Info.plist;
				LD_RUNPATH_SEARCH_PATHS = "$(inherited) @executable_path/Frameworks @loader_path/Frameworks";
				PRODUCT_BUNDLE_IDENTIFIER = br.com.slackfx.AgendaDeContatosTests;
				PRODUCT_NAME = "$(TARGET_NAME)";
				TEST_HOST = "$(BUILT_PRODUCTS_DIR)/AgendaDeContatos.app/AgendaDeContatos";
			};
			name = Release;
		};
		1D2071771D4D514800C07751 /* Debug */ = {
			isa = XCBuildConfiguration;
			buildSettings = {
				INFOPLIST_FILE = AgendaDeContatosUITests/Info.plist;
				LD_RUNPATH_SEARCH_PATHS = "$(inherited) @executable_path/Frameworks @loader_path/Frameworks";
				PRODUCT_BUNDLE_IDENTIFIER = br.com.slackfx.AgendaDeContatosUITests;
				PRODUCT_NAME = "$(TARGET_NAME)";
				TEST_TARGET_NAME = AgendaDeContatos;
			};
			name = Debug;
		};
		1D2071781D4D514800C07751 /* Release */ = {
			isa = XCBuildConfiguration;
			buildSettings = {
				INFOPLIST_FILE = AgendaDeContatosUITests/Info.plist;
				LD_RUNPATH_SEARCH_PATHS = "$(inherited) @executable_path/Frameworks @loader_path/Frameworks";
				PRODUCT_BUNDLE_IDENTIFIER = br.com.slackfx.AgendaDeContatosUITests;
				PRODUCT_NAME = "$(TARGET_NAME)";
				TEST_TARGET_NAME = AgendaDeContatos;
			};
			name = Release;
		};
/* End XCBuildConfiguration section */

/* Begin XCConfigurationList section */
		1D20713B1D4D514700C07751 /* Build configuration list for PBXProject "AgendaDeContatos" */ = {
			isa = XCConfigurationList;
			buildConfigurations = (
				1D20716E1D4D514800C07751 /* Debug */,
				1D20716F1D4D514800C07751 /* Release */,
			);
			defaultConfigurationIsVisible = 0;
			defaultConfigurationName = Release;
		};
		1D2071701D4D514800C07751 /* Build configuration list for PBXNativeTarget "AgendaDeContatos" */ = {
			isa = XCConfigurationList;
			buildConfigurations = (
				1D2071711D4D514800C07751 /* Debug */,
				1D2071721D4D514800C07751 /* Release */,
			);
			defaultConfigurationIsVisible = 0;
			defaultConfigurationName = Release;
		};
		1D2071731D4D514800C07751 /* Build configuration list for PBXNativeTarget "AgendaDeContatosTests" */ = {
			isa = XCConfigurationList;
			buildConfigurations = (
				1D2071741D4D514800C07751 /* Debug */,
				1D2071751D4D514800C07751 /* Release */,
			);
			defaultConfigurationIsVisible = 0;
			defaultConfigurationName = Release;
		};
		1D2071761D4D514800C07751 /* Build configuration list for PBXNativeTarget "AgendaDeContatosUITests" */ = {
			isa = XCConfigurationList;
			buildConfigurations = (
				1D2071771D4D514800C07751 /* Debug */,
				1D2071781D4D514800C07751 /* Release */,
			);
			defaultConfigurationIsVisible = 0;
			defaultConfigurationName = Release;
		};
/* End XCConfigurationList section */

/* Begin XCVersionGroup section */
		1D20714F1D4D514800C07751 /* AgendaDeContatos.xcdatamodeld */ = {
			isa = XCVersionGroup;
			children = (
				1D2071501D4D514800C07751 /* AgendaDeContatos.xcdatamodel */,
			);
			currentVersion = 1D2071501D4D514800C07751 /* AgendaDeContatos.xcdatamodel */;
			path = AgendaDeContatos.xcdatamodeld;
			sourceTree = "<group>";
			versionGroupType = wrapper.xcdatamodel;
		};
/* End XCVersionGroup section */
	};
	rootObject = 1D2071381D4D514700C07751 /* Project object */;
}
